{
  "version": "5",
  "remote": {
    "https://deno.land/std@0.224.0/async/delay.ts": "f90dd685b97c2f142b8069082993e437b1602b8e2561134827eeb7c12b95c499",
    "https://deno.land/std@0.224.0/http/server.ts": "f9313804bf6467a1704f45f76cb6cd0a3396a3b31c316035e6a4c2035d1ea514",
    "https://esm.sh/pmtiles@3.2.1/deno/pmtiles.mjs": "b3093746a52bdc7984e6de65f12edda9cf5f0ea14a38289093eaf2da0023c89e",
    "https://esm.sh/pmtiles@3.2.1?target=deno": "49a876cd153763c552dbacf2acb6f1b8aed368e3d36b83125b16175ed42321c7"
  },
  "workspace": {
    "packageJson": {
      "dependencies": [
        "npm:react-dom@19.1.0",
        "npm:react-test-renderer@19.1.0",
        "npm:react@19.1.0"
      ]
    },
    "members": {
      "apps/mobile": {
        "packageJson": {
          "dependencies": [
            "npm:@expo/ngrok@^4.1.3",
            "npm:@maplibre/maplibre-react-native@^11.0.2",
            "npm:@react-native-async-storage/async-storage@^3.0.2",
            "npm:@supabase/supabase-js@^2.104.1",
            "npm:@types/geojson@^7946.0.16",
            "npm:@types/jest@29.5.14",
            "npm:@types/leaflet@^1.9.21",
            "npm:@types/react-test-renderer@^19.1.0",
            "npm:@types/react@19.1",
            "npm:babel-jest@^29.7.0",
            "npm:expo-clipboard@^55.0.13",
            "npm:expo-dev-client@~6.0.21",
            "npm:expo-location@^55.1.8",
            "npm:expo-router@~6.0.23",
            "npm:expo-status-bar@~3.0.9",
            "npm:expo-system-ui@~6.0.9",
            "npm:expo@~54.0.33",
            "npm:jest@29.7",
            "npm:leaflet@^1.9.4",
            "npm:react-dom@19.1.0",
            "npm:react-native-maps@1.20.1",
            "npm:react-native-safe-area-context@5.6",
            "npm:react-native-screens@4.16",
            "npm:react-native-web@0.21",
            "npm:react-native@0.81.5",
            "npm:react-test-renderer@19.1.0",
            "npm:react@19.1.0",
            "npm:typescript@~5.9.2"
          ]
        }
      }
    }
  }
}
